
Microsoft Visual Studio Solution File, Format Version 12.00
# Visual Studio Version 17
VisualStudioVersion = 17.4.33122.133
MinimumVisualStudioVersion = 10.0.40219.1
Project("{FAE04EC0-301F-11D3-BF4B-00C04F79EFBC}") = "AuthenticationService", "AuthenticationService\AuthenticationService.csproj", "{B80220D1-CC10-490A-B107-6705473A591D}"
EndProject
Global
	GlobalSection(SolutionConfigurationPlatforms) = preSolution
		Debug|Any CPU = Debug|Any CPU
		Release|Any CPU = Release|Any CPU
	EndGlobalSection
	GlobalSection(ProjectConfigurationPlatforms) = postSolution
		{B80220D1-CC10-490A-B107-6705473A591D}.Debug|Any CPU.ActiveCfg = Debug|Any CPU
		{B80220D1-CC10-490A-B107-6705473A591D}.Debug|Any CPU.Build.0 = Debug|Any CPU
		{B80220D1-CC10-490A-B107-6705473A591D}.Release|Any CPU.ActiveCfg = Release|Any CPU
		{B80220D1-CC10-490A-B107-6705473A591D}.Release|Any CPU.Build.0 = Release|Any CPU
	EndGlobalSection
	GlobalSection(SolutionProperties) = preSolution
		HideSolutionNode = FALSE
	EndGlobalSection
	GlobalSection(ExtensibilityGlobals) = postSolution
		SolutionGuid = {FE419670-F511-4652-88E1-81C88918DFD9}
	EndGlobalSection
EndGlobal
